
Microsoft Visual Studio Solution File, Format Version 11.00
# Visual Studio 2010
Project("{FAE04EC0-301F-11D3-BF4B-00C04F79EFBC}") = "Assembly-CSharp", "Assembly-CSharp.csproj", "{49CB2508-A232-A878-B477-BEC51B031E61}"
EndProject
Project("{FAE04EC0-301F-11D3-BF4B-00C04F79EFBC}") = "Assembly-CSharp-Editor", "Assembly-CSharp-Editor.csproj", "{B87D731D-F96D-181F-19B5-FBE89FB36F37}"
EndProject
Global
	GlobalSection(SolutionConfigurationPlatforms) = preSolution
		Debug|Any CPU = Debug|Any CPU
		Release|Any CPU = Release|Any CPU
	EndGlobalSection
	GlobalSection(ProjectConfigurationPlatforms) = postSolution
		{49CB2508-A232-A878-B477-BEC51B031E61}.Debug|Any CPU.ActiveCfg = Debug|Any CPU
		{49CB2508-A232-A878-B477-BEC51B031E61}.Debug|Any CPU.Build.0 = Debug|Any CPU
		{49CB2508-A232-A878-B477-BEC51B031E61}.Release|Any CPU.ActiveCfg = Release|Any CPU
		{49CB2508-A232-A878-B477-BEC51B031E61}.Release|Any CPU.Build.0 = Release|Any CPU
		{B87D731D-F96D-181F-19B5-FBE89FB36F37}.Debug|Any CPU.ActiveCfg = Debug|Any CPU
		{B87D731D-F96D-181F-19B5-FBE89FB36F37}.Debug|Any CPU.Build.0 = Debug|Any CPU
		{B87D731D-F96D-181F-19B5-FBE89FB36F37}.Release|Any CPU.ActiveCfg = Release|Any CPU
		{B87D731D-F96D-181F-19B5-FBE89FB36F37}.Release|Any CPU.Build.0 = Release|Any CPU
	EndGlobalSection
	GlobalSection(SolutionProperties) = preSolution
		HideSolutionNode = FALSE
	EndGlobalSection
EndGlobal
